// !$*UTF8*$!
{
	archiveVersion = 1;
	classes = {
	};
	objectVersion = 48;
	objects = {

/* Begin PBXBuildFile section */
		65107D5E20A67C9D0078BEB5 /* CFAppSummaryTests.swift in Sources */ = {isa = PBXBuildFile; fileRef = 65107D5D20A67C9D0078BEB5 /* CFAppSummaryTests.swift */; };
		656D166520309632002B1905 /* app_summary.json in Resources */ = {isa = PBXBuildFile; fileRef = 656D165F20309631002B1905 /* app_summary.json */; };
		656D166620309632002B1905 /* app_stats.json in Resources */ = {isa = PBXBuildFile; fileRef = 656D166020309631002B1905 /* app_stats.json */; };
		656D166720309632002B1905 /* apps.json in Resources */ = {isa = PBXBuildFile; fileRef = 656D166120309631002B1905 /* apps.json */; };
		656D166820309632002B1905 /* events.json in Resources */ = {isa = PBXBuildFile; fileRef = 656D166220309631002B1905 /* events.json */; };
		656D166920309632002B1905 /* info.json in Resources */ = {isa = PBXBuildFile; fileRef = 656D166320309631002B1905 /* info.json */; };
		656D166A20309632002B1905 /* service_plan.json in Resources */ = {isa = PBXBuildFile; fileRef = 656D166420309631002B1905 /* service_plan.json */; };
		656D166F20309639002B1905 /* CFSessionTests.swift in Sources */ = {isa = PBXBuildFile; fileRef = 656D166B20309639002B1905 /* CFSessionTests.swift */; };
		656D167020309639002B1905 /* CFLogsTests.swift in Sources */ = {isa = PBXBuildFile; fileRef = 656D166C20309639002B1905 /* CFLogsTests.swift */; };
		656D167120309639002B1905 /* CFApiTests.swift in Sources */ = {isa = PBXBuildFile; fileRef = 656D166D20309639002B1905 /* CFApiTests.swift */; };
		656D167220309639002B1905 /* CFRequestTests.swift in Sources */ = {isa = PBXBuildFile; fileRef = 656D166E20309639002B1905 /* CFRequestTests.swift */; };
		656D167420309649002B1905 /* StringTests.swift in Sources */ = {isa = PBXBuildFile; fileRef = 656D167320309649002B1905 /* StringTests.swift */; };
		656D167B203096A2002B1905 /* CFAccountFactory.swift in Sources */ = {isa = PBXBuildFile; fileRef = 656D167A203096A2002B1905 /* CFAccountFactory.swift */; };
		656D168120309AD9002B1905 /* LogMessageStringTests.swift in Sources */ = {isa = PBXBuildFile; fileRef = 656D168020309AD9002B1905 /* LogMessageStringTests.swift */; };
		656D168320309CA2002B1905 /* CFServiceBinding.swift in Sources */ = {isa = PBXBuildFile; fileRef = 656D168220309CA2002B1905 /* CFServiceBinding.swift */; };
		656D168C20309D64002B1905 /* CFEventTests.swift in Sources */ = {isa = PBXBuildFile; fileRef = 656D168520309D63002B1905 /* CFEventTests.swift */; };
		656D168D20309D64002B1905 /* CFInfoTests.swift in Sources */ = {isa = PBXBuildFile; fileRef = 656D168620309D63002B1905 /* CFInfoTests.swift */; };
		656D168E20309D64002B1905 /* CFOrgTests.swift in Sources */ = {isa = PBXBuildFile; fileRef = 656D168720309D63002B1905 /* CFOrgTests.swift */; };
		656D168F20309D64002B1905 /* CFServiceBindingTests.swift in Sources */ = {isa = PBXBuildFile; fileRef = 656D168820309D63002B1905 /* CFServiceBindingTests.swift */; };
		656D169020309D64002B1905 /* CFAppsTests.swift in Sources */ = {isa = PBXBuildFile; fileRef = 656D168920309D64002B1905 /* CFAppsTests.swift */; };
		656D169120309D64002B1905 /* CFAppInstanceTests.swift in Sources */ = {isa = PBXBuildFile; fileRef = 656D168A20309D64002B1905 /* CFAppInstanceTests.swift */; };
		656D169220309D64002B1905 /* CFSpaceTests.swift in Sources */ = {isa = PBXBuildFile; fileRef = 656D168B20309D64002B1905 /* CFSpaceTests.swift */; };
		656D16942030A14C002B1905 /* OHHTTPStubs.framework in Frameworks */ = {isa = PBXBuildFile; fileRef = 656D16932030A14C002B1905 /* OHHTTPStubs.framework */; };
		656D16952030A5F0002B1905 /* OHHTTPStubs.framework in Frameworks */ = {isa = PBXBuildFile; fileRef = 656D16932030A14C002B1905 /* OHHTTPStubs.framework */; };
		6573348C20AB9C0900A05363 /* CFAccountTests.swift in Sources */ = {isa = PBXBuildFile; fileRef = 6573348B20AB9C0900A05363 /* CFAccountTests.swift */; };
		658EAC16202FCA8200933176 /* CFoundry_iOS.framework in Frameworks */ = {isa = PBXBuildFile; fileRef = 658EAC0C202FCA8200933176 /* CFoundry_iOS.framework */; };
		658EAC45202FDC5F00933176 /* CFEvent.swift in Sources */ = {isa = PBXBuildFile; fileRef = 658EAC3F202FDC5F00933176 /* CFEvent.swift */; };
		658EAC46202FDC5F00933176 /* CFInfo.swift in Sources */ = {isa = PBXBuildFile; fileRef = 658EAC40202FDC5F00933176 /* CFInfo.swift */; };
		658EAC47202FDC5F00933176 /* CFOrg.swift in Sources */ = {isa = PBXBuildFile; fileRef = 658EAC41202FDC5F00933176 /* CFOrg.swift */; };
		658EAC48202FDC5F00933176 /* CFSpace.swift in Sources */ = {isa = PBXBuildFile; fileRef = 658EAC42202FDC5F00933176 /* CFSpace.swift */; };
		658EAC49202FDC5F00933176 /* CFApp.swift in Sources */ = {isa = PBXBuildFile; fileRef = 658EAC43202FDC5F00933176 /* CFApp.swift */; };
		658EAC4A202FDC5F00933176 /* CFAppInstance.swift in Sources */ = {isa = PBXBuildFile; fileRef = 658EAC44202FDC5F00933176 /* CFAppInstance.swift */; };
		658EAC59202FDC9B00933176 /* Events.Envelope.proto.swift in Sources */ = {isa = PBXBuildFile; fileRef = 658EAC53202FDC9A00933176 /* Events.Envelope.proto.swift */; };
		658EAC5A202FDC9B00933176 /* Events.Error.proto.swift in Sources */ = {isa = PBXBuildFile; fileRef = 658EAC54202FDC9A00933176 /* Events.Error.proto.swift */; };
		658EAC5B202FDC9B00933176 /* Events.Log.proto.swift in Sources */ = {isa = PBXBuildFile; fileRef = 658EAC55202FDC9A00933176 /* Events.Log.proto.swift */; };
		658EAC5C202FDC9B00933176 /* Events.Uuid.proto.swift in Sources */ = {isa = PBXBuildFile; fileRef = 658EAC56202FDC9A00933176 /* Events.Uuid.proto.swift */; };
		658EAC5D202FDC9B00933176 /* Events.Http.proto.swift in Sources */ = {isa = PBXBuildFile; fileRef = 658EAC57202FDC9A00933176 /* Events.Http.proto.swift */; };
		658EAC5E202FDC9B00933176 /* Events.Metric.proto.swift in Sources */ = {isa = PBXBuildFile; fileRef = 658EAC58202FDC9A00933176 /* Events.Metric.proto.swift */; };
		658EAC6A202FE60300933176 /* ProtocolBuffers.framework in Frameworks */ = {isa = PBXBuildFile; fileRef = 658EAC69202FE60300933176 /* ProtocolBuffers.framework */; };
		658EAC6C202FE75C00933176 /* SwiftyJSON.framework in Frameworks */ = {isa = PBXBuildFile; fileRef = 658EAC6B202FE75C00933176 /* SwiftyJSON.framework */; };
		658EAC75202FEBF200933176 /* CFApi.swift in Sources */ = {isa = PBXBuildFile; fileRef = 658EAC2C202FDBD600933176 /* CFApi.swift */; };
		658EAC76202FEBF600933176 /* CFLogs.swift in Sources */ = {isa = PBXBuildFile; fileRef = 658EAC2D202FDBD600933176 /* CFLogs.swift */; };
		658EAC77202FEBF600933176 /* CFRequest.swift in Sources */ = {isa = PBXBuildFile; fileRef = 658EAC2E202FDBD600933176 /* CFRequest.swift */; };
		658EAC78202FEBF600933176 /* CFResponse.swift in Sources */ = {isa = PBXBuildFile; fileRef = 658EAC2F202FDBD600933176 /* CFResponse.swift */; };
		658EAC90202FFF0A00933176 /* CFSession.swift in Sources */ = {isa = PBXBuildFile; fileRef = 658EAC8F202FFF0A00933176 /* CFSession.swift */; };
		658EAC98203000F400933176 /* String.swift in Sources */ = {isa = PBXBuildFile; fileRef = 658EAC97203000F400933176 /* String.swift */; };
		65A33077203A3F41008E803A /* SwiftWebSocket.framework in Frameworks */ = {isa = PBXBuildFile; fileRef = 65A33076203A3F41008E803A /* SwiftWebSocket.framework */; };
		65A33078203A3F4D008E803A /* AlamofireObjectMapper.framework in Frameworks */ = {isa = PBXBuildFile; fileRef = 658EAC8C202FFE8A00933176 /* AlamofireObjectMapper.framework */; };
		65A3307A203A4053008E803A /* Alamofire.framework in Frameworks */ = {isa = PBXBuildFile; fileRef = 658EAC7A202FED8700933176 /* Alamofire.framework */; };
		65A3307B203A40A0008E803A /* ObjectMapper.framework in Frameworks */ = {isa = PBXBuildFile; fileRef = 658EAC8B202FFE8A00933176 /* ObjectMapper.framework */; };
		65A3307F203A7313008E803A /* CFModelTestBase.swift in Sources */ = {isa = PBXBuildFile; fileRef = 65A3307E203A7313008E803A /* CFModelTestBase.swift */; };
		65A33081203A774D008E803A /* orgs.json in Resources */ = {isa = PBXBuildFile; fileRef = 65A33080203A774D008E803A /* orgs.json */; };
		65B0316A2030022F001CA690 /* CFAccount.swift in Sources */ = {isa = PBXBuildFile; fileRef = 65B031662030022F001CA690 /* CFAccount.swift */; };
		65B0316C20300739001CA690 /* LogMessageString.swift in Sources */ = {isa = PBXBuildFile; fileRef = 65B0316B20300739001CA690 /* LogMessageString.swift */; };
		65BE0FCE203911FA00191045 /* spaces.json in Resources */ = {isa = PBXBuildFile; fileRef = 65BE0FCD203911FA00191045 /* spaces.json */; };
		65BE0FD020391E0D00191045 /* CFMetadata.swift in Sources */ = {isa = PBXBuildFile; fileRef = 65BE0FCF20391E0D00191045 /* CFMetadata.swift */; };
		65F62E9A208D816A005CF4FC /* tokens.json in Resources */ = {isa = PBXBuildFile; fileRef = 65F62E99208D816A005CF4FC /* tokens.json */; };
		65F62E9C209005FD005CF4FC /* CFAppStats.swift in Sources */ = {isa = PBXBuildFile; fileRef = 65F62E9B209005FD005CF4FC /* CFAppStats.swift */; };
/* End PBXBuildFile section */

/* Begin PBXContainerItemProxy section */
		658EAC17202FCA8200933176 /* PBXContainerItemProxy */ = {
			isa = PBXContainerItemProxy;
			containerPortal = 658EAC03202FCA8200933176 /* Project object */;
			proxyType = 1;
			remoteGlobalIDString = 658EAC0B202FCA8200933176;
			remoteInfo = CFoundry;
		};
/* End PBXContainerItemProxy section */

/* Begin PBXFileReference section */
		65107D5D20A67C9D0078BEB5 /* CFAppSummaryTests.swift */ = {isa = PBXFileReference; lastKnownFileType = sourcecode.swift; path = CFAppSummaryTests.swift; sourceTree = "<group>"; };
		656D165F20309631002B1905 /* app_summary.json */ = {isa = PBXFileReference; fileEncoding = 4; lastKnownFileType = text.json; path = app_summary.json; sourceTree = "<group>"; };
		656D166020309631002B1905 /* app_stats.json */ = {isa = PBXFileReference; fileEncoding = 4; lastKnownFileType = text.json; path = app_stats.json; sourceTree = "<group>"; };
		656D166120309631002B1905 /* apps.json */ = {isa = PBXFileReference; fileEncoding = 4; lastKnownFileType = text.json; path = apps.json; sourceTree = "<group>"; };
		656D166220309631002B1905 /* events.json */ = {isa = PBXFileReference; fileEncoding = 4; lastKnownFileType = text.json; path = events.json; sourceTree = "<group>"; };
		656D166320309631002B1905 /* info.json */ = {isa = PBXFileReference; fileEncoding = 4; lastKnownFileType = text.json; path = info.json; sourceTree = "<group>"; };
		656D166420309631002B1905 /* service_plan.json */ = {isa = PBXFileReference; fileEncoding = 4; lastKnownFileType = text.json; path = service_plan.json; sourceTree = "<group>"; };
		656D166B20309639002B1905 /* CFSessionTests.swift */ = {isa = PBXFileReference; fileEncoding = 4; lastKnownFileType = sourcecode.swift; path = CFSessionTests.swift; sourceTree = "<group>"; };
		656D166C20309639002B1905 /* CFLogsTests.swift */ = {isa = PBXFileReference; fileEncoding = 4; lastKnownFileType = sourcecode.swift; path = CFLogsTests.swift; sourceTree = "<group>"; };
		656D166D20309639002B1905 /* CFApiTests.swift */ = {isa = PBXFileReference; fileEncoding = 4; lastKnownFileType = sourcecode.swift; path = CFApiTests.swift; sourceTree = "<group>"; };
		656D166E20309639002B1905 /* CFRequestTests.swift */ = {isa = PBXFileReference; fileEncoding = 4; lastKnownFileType = sourcecode.swift; path = CFRequestTests.swift; sourceTree = "<group>"; };
		656D167320309649002B1905 /* StringTests.swift */ = {isa = PBXFileReference; fileEncoding = 4; lastKnownFileType = sourcecode.swift; path = StringTests.swift; sourceTree = "<group>"; };
		656D167A203096A2002B1905 /* CFAccountFactory.swift */ = {isa = PBXFileReference; fileEncoding = 4; lastKnownFileType = sourcecode.swift; path = CFAccountFactory.swift; sourceTree = "<group>"; };
		656D168020309AD9002B1905 /* LogMessageStringTests.swift */ = {isa = PBXFileReference; fileEncoding = 4; lastKnownFileType = sourcecode.swift; path = LogMessageStringTests.swift; sourceTree = "<group>"; };
		656D168220309CA2002B1905 /* CFServiceBinding.swift */ = {isa = PBXFileReference; fileEncoding = 4; lastKnownFileType = sourcecode.swift; path = CFServiceBinding.swift; sourceTree = "<group>"; };
		656D168520309D63002B1905 /* CFEventTests.swift */ = {isa = PBXFileReference; fileEncoding = 4; lastKnownFileType = sourcecode.swift; path = CFEventTests.swift; sourceTree = "<group>"; };
		656D168620309D63002B1905 /* CFInfoTests.swift */ = {isa = PBXFileReference; fileEncoding = 4; lastKnownFileType = sourcecode.swift; path = CFInfoTests.swift; sourceTree = "<group>"; };
		656D168720309D63002B1905 /* CFOrgTests.swift */ = {isa = PBXFileReference; fileEncoding = 4; lastKnownFileType = sourcecode.swift; path = CFOrgTests.swift; sourceTree = "<group>"; };
		656D168820309D63002B1905 /* CFServiceBindingTests.swift */ = {isa = PBXFileReference; fileEncoding = 4; lastKnownFileType = sourcecode.swift; path = CFServiceBindingTests.swift; sourceTree = "<group>"; };
		656D168920309D64002B1905 /* CFAppsTests.swift */ = {isa = PBXFileReference; fileEncoding = 4; lastKnownFileType = sourcecode.swift; path = CFAppsTests.swift; sourceTree = "<group>"; };
		656D168A20309D64002B1905 /* CFAppInstanceTests.swift */ = {isa = PBXFileReference; fileEncoding = 4; lastKnownFileType = sourcecode.swift; path = CFAppInstanceTests.swift; sourceTree = "<group>"; };
		656D168B20309D64002B1905 /* CFSpaceTests.swift */ = {isa = PBXFileReference; fileEncoding = 4; lastKnownFileType = sourcecode.swift; path = CFSpaceTests.swift; sourceTree = "<group>"; };
		656D16932030A14C002B1905 /* OHHTTPStubs.framework */ = {isa = PBXFileReference; lastKnownFileType = wrapper.framework; name = OHHTTPStubs.framework; path = Carthage/Build/iOS/OHHTTPStubs.framework; sourceTree = "<group>"; };
		6573348B20AB9C0900A05363 /* CFAccountTests.swift */ = {isa = PBXFileReference; lastKnownFileType = sourcecode.swift; path = CFAccountTests.swift; sourceTree = "<group>"; };
		658EAC0C202FCA8200933176 /* CFoundry_iOS.framework */ = {isa = PBXFileReference; explicitFileType = wrapper.framework; includeInIndex = 0; path = CFoundry_iOS.framework; sourceTree = BUILT_PRODUCTS_DIR; };
		658EAC10202FCA8200933176 /* Info.plist */ = {isa = PBXFileReference; lastKnownFileType = text.plist.xml; path = Info.plist; sourceTree = "<group>"; };
		658EAC15202FCA8200933176 /* CFoundry iOS Tests.xctest */ = {isa = PBXFileReference; explicitFileType = wrapper.cfbundle; includeInIndex = 0; path = "CFoundry iOS Tests.xctest"; sourceTree = BUILT_PRODUCTS_DIR; };
		658EAC1C202FCA8200933176 /* Info.plist */ = {isa = PBXFileReference; lastKnownFileType = text.plist.xml; path = Info.plist; sourceTree = "<group>"; };
		658EAC2C202FDBD600933176 /* CFApi.swift */ = {isa = PBXFileReference; fileEncoding = 4; lastKnownFileType = sourcecode.swift; path = CFApi.swift; sourceTree = "<group>"; };
		658EAC2D202FDBD600933176 /* CFLogs.swift */ = {isa = PBXFileReference; fileEncoding = 4; lastKnownFileType = sourcecode.swift; path = CFLogs.swift; sourceTree = "<group>"; };
		658EAC2E202FDBD600933176 /* CFRequest.swift */ = {isa = PBXFileReference; fileEncoding = 4; lastKnownFileType = sourcecode.swift; path = CFRequest.swift; sourceTree = "<group>"; };
		658EAC2F202FDBD600933176 /* CFResponse.swift */ = {isa = PBXFileReference; fileEncoding = 4; lastKnownFileType = sourcecode.swift; path = CFResponse.swift; sourceTree = "<group>"; };
		658EAC3F202FDC5F00933176 /* CFEvent.swift */ = {isa = PBXFileReference; fileEncoding = 4; lastKnownFileType = sourcecode.swift; path = CFEvent.swift; sourceTree = "<group>"; };
		658EAC40202FDC5F00933176 /* CFInfo.swift */ = {isa = PBXFileReference; fileEncoding = 4; lastKnownFileType = sourcecode.swift; path = CFInfo.swift; sourceTree = "<group>"; };
		658EAC41202FDC5F00933176 /* CFOrg.swift */ = {isa = PBXFileReference; fileEncoding = 4; lastKnownFileType = sourcecode.swift; path = CFOrg.swift; sourceTree = "<group>"; };
		658EAC42202FDC5F00933176 /* CFSpace.swift */ = {isa = PBXFileReference; fileEncoding = 4; lastKnownFileType = sourcecode.swift; path = CFSpace.swift; sourceTree = "<group>"; };
		658EAC43202FDC5F00933176 /* CFApp.swift */ = {isa = PBXFileReference; fileEncoding = 4; lastKnownFileType = sourcecode.swift; path = CFApp.swift; sourceTree = "<group>"; };
		658EAC44202FDC5F00933176 /* CFAppInstance.swift */ = {isa = PBXFileReference; fileEncoding = 4; lastKnownFileType = sourcecode.swift; path = CFAppInstance.swift; sourceTree = "<group>"; };
		658EAC53202FDC9A00933176 /* Events.Envelope.proto.swift */ = {isa = PBXFileReference; fileEncoding = 4; lastKnownFileType = sourcecode.swift; path = Events.Envelope.proto.swift; sourceTree = "<group>"; };
		658EAC54202FDC9A00933176 /* Events.Error.proto.swift */ = {isa = PBXFileReference; fileEncoding = 4; lastKnownFileType = sourcecode.swift; path = Events.Error.proto.swift; sourceTree = "<group>"; };
		658EAC55202FDC9A00933176 /* Events.Log.proto.swift */ = {isa = PBXFileReference; fileEncoding = 4; lastKnownFileType = sourcecode.swift; path = Events.Log.proto.swift; sourceTree = "<group>"; };
		658EAC56202FDC9A00933176 /* Events.Uuid.proto.swift */ = {isa = PBXFileReference; fileEncoding = 4; lastKnownFileType = sourcecode.swift; path = Events.Uuid.proto.swift; sourceTree = "<group>"; };
		658EAC57202FDC9A00933176 /* Events.Http.proto.swift */ = {isa = PBXFileReference; fileEncoding = 4; lastKnownFileType = sourcecode.swift; path = Events.Http.proto.swift; sourceTree = "<group>"; };
		658EAC58202FDC9A00933176 /* Events.Metric.proto.swift */ = {isa = PBXFileReference; fileEncoding = 4; lastKnownFileType = sourcecode.swift; path = Events.Metric.proto.swift; sourceTree = "<group>"; };
		658EAC69202FE60300933176 /* ProtocolBuffers.framework */ = {isa = PBXFileReference; lastKnownFileType = wrapper.framework; name = ProtocolBuffers.framework; path = Carthage/Build/iOS/ProtocolBuffers.framework; sourceTree = "<group>"; };
		658EAC6B202FE75C00933176 /* SwiftyJSON.framework */ = {isa = PBXFileReference; lastKnownFileType = wrapper.framework; name = SwiftyJSON.framework; path = Carthage/Build/iOS/SwiftyJSON.framework; sourceTree = "<group>"; };
		658EAC7A202FED8700933176 /* Alamofire.framework */ = {isa = PBXFileReference; lastKnownFileType = wrapper.framework; name = Alamofire.framework; path = Carthage/Build/iOS/Alamofire.framework; sourceTree = "<group>"; };
		658EAC89202FF29D00933176 /* Locksmith.framework */ = {isa = PBXFileReference; lastKnownFileType = wrapper.framework; name = Locksmith.framework; path = Carthage/Build/iOS/Locksmith.framework; sourceTree = "<group>"; };
		658EAC8B202FFE8A00933176 /* ObjectMapper.framework */ = {isa = PBXFileReference; lastKnownFileType = wrapper.framework; name = ObjectMapper.framework; path = Carthage/Build/iOS/ObjectMapper.framework; sourceTree = "<group>"; };
		658EAC8C202FFE8A00933176 /* AlamofireObjectMapper.framework */ = {isa = PBXFileReference; lastKnownFileType = wrapper.framework; name = AlamofireObjectMapper.framework; path = Carthage/Build/iOS/AlamofireObjectMapper.framework; sourceTree = "<group>"; };
		658EAC8F202FFF0A00933176 /* CFSession.swift */ = {isa = PBXFileReference; fileEncoding = 4; lastKnownFileType = sourcecode.swift; path = CFSession.swift; sourceTree = "<group>"; };
		658EAC97203000F400933176 /* String.swift */ = {isa = PBXFileReference; fileEncoding = 4; lastKnownFileType = sourcecode.swift; path = String.swift; sourceTree = "<group>"; };
		65A33076203A3F41008E803A /* SwiftWebSocket.framework */ = {isa = PBXFileReference; lastKnownFileType = wrapper.framework; name = SwiftWebSocket.framework; path = Carthage/Build/iOS/SwiftWebSocket.framework; sourceTree = "<group>"; };
		65A3307E203A7313008E803A /* CFModelTestBase.swift */ = {isa = PBXFileReference; lastKnownFileType = sourcecode.swift; path = CFModelTestBase.swift; sourceTree = "<group>"; };
		65A33080203A774D008E803A /* orgs.json */ = {isa = PBXFileReference; lastKnownFileType = text.json; path = orgs.json; sourceTree = "<group>"; };
		65B031662030022F001CA690 /* CFAccount.swift */ = {isa = PBXFileReference; fileEncoding = 4; lastKnownFileType = sourcecode.swift; path = CFAccount.swift; sourceTree = "<group>"; };
		65B0316B20300739001CA690 /* LogMessageString.swift */ = {isa = PBXFileReference; fileEncoding = 4; lastKnownFileType = sourcecode.swift; path = LogMessageString.swift; sourceTree = "<group>"; };
		65BE0FCD203911FA00191045 /* spaces.json */ = {isa = PBXFileReference; lastKnownFileType = text.json; path = spaces.json; sourceTree = "<group>"; };
		65BE0FCF20391E0D00191045 /* CFMetadata.swift */ = {isa = PBXFileReference; lastKnownFileType = sourcecode.swift; path = CFMetadata.swift; sourceTree = "<group>"; };
		65F5613B20310516003FA96F /* AppDelegate.swift */ = {isa = PBXFileReference; lastKnownFileType = sourcecode.swift; path = AppDelegate.swift; sourceTree = "<group>"; };
		65F5613D20310516003FA96F /* ViewController.swift */ = {isa = PBXFileReference; lastKnownFileType = sourcecode.swift; path = ViewController.swift; sourceTree = "<group>"; };
		65F5614020310516003FA96F /* Base */ = {isa = PBXFileReference; lastKnownFileType = file.storyboard; name = Base; path = Base.lproj/Main.storyboard; sourceTree = "<group>"; };
		65F5614220310517003FA96F /* Assets.xcassets */ = {isa = PBXFileReference; lastKnownFileType = folder.assetcatalog; path = Assets.xcassets; sourceTree = "<group>"; };
		65F5614520310517003FA96F /* Base */ = {isa = PBXFileReference; lastKnownFileType = file.storyboard; name = Base; path = Base.lproj/LaunchScreen.storyboard; sourceTree = "<group>"; };
		65F5614720310517003FA96F /* Info.plist */ = {isa = PBXFileReference; lastKnownFileType = text.plist.xml; path = Info.plist; sourceTree = "<group>"; };
		65F62E99208D816A005CF4FC /* tokens.json */ = {isa = PBXFileReference; lastKnownFileType = text.json; path = tokens.json; sourceTree = "<group>"; };
		65F62E9B209005FD005CF4FC /* CFAppStats.swift */ = {isa = PBXFileReference; fileEncoding = 4; lastKnownFileType = sourcecode.swift; path = CFAppStats.swift; sourceTree = "<group>"; };
/* End PBXFileReference section */

/* Begin PBXFrameworksBuildPhase section */
		658EAC08202FCA8200933176 /* Frameworks */ = {
			isa = PBXFrameworksBuildPhase;
			buildActionMask = 2147483647;
			files = (
				65A33078203A3F4D008E803A /* AlamofireObjectMapper.framework in Frameworks */,
				65A33077203A3F41008E803A /* SwiftWebSocket.framework in Frameworks */,
				65A3307B203A40A0008E803A /* ObjectMapper.framework in Frameworks */,
				656D16942030A14C002B1905 /* OHHTTPStubs.framework in Frameworks */,
				65A3307A203A4053008E803A /* Alamofire.framework in Frameworks */,
				658EAC6C202FE75C00933176 /* SwiftyJSON.framework in Frameworks */,
				658EAC6A202FE60300933176 /* ProtocolBuffers.framework in Frameworks */,
			);
			runOnlyForDeploymentPostprocessing = 0;
		};
		658EAC12202FCA8200933176 /* Frameworks */ = {
			isa = PBXFrameworksBuildPhase;
			buildActionMask = 2147483647;
			files = (
				656D16952030A5F0002B1905 /* OHHTTPStubs.framework in Frameworks */,
				658EAC16202FCA8200933176 /* CFoundry_iOS.framework in Frameworks */,
			);
			runOnlyForDeploymentPostprocessing = 0;
		};
/* End PBXFrameworksBuildPhase section */

/* Begin PBXGroup section */
		656D165A2030945F002B1905 /* Data */ = {
			isa = PBXGroup;
			children = (
				656D167A203096A2002B1905 /* CFAccountFactory.swift */,
				6573348B20AB9C0900A05363 /* CFAccountTests.swift */,
			);
			path = Data;
			sourceTree = "<group>";
		};
		656D165B20309466002B1905 /* Network */ = {
			isa = PBXGroup;
			children = (
				656D166D20309639002B1905 /* CFApiTests.swift */,
				656D166C20309639002B1905 /* CFLogsTests.swift */,
				656D166E20309639002B1905 /* CFRequestTests.swift */,
				656D166B20309639002B1905 /* CFSessionTests.swift */,
				656D165E20309616002B1905 /* Fixtures */,
				65BE0FCF20391E0D00191045 /* CFMetadata.swift */,
			);
			path = Network;
			sourceTree = "<group>";
		};
		656D165C20309474002B1905 /* Extensions */ = {
			isa = PBXGroup;
			children = (
				656D167320309649002B1905 /* StringTests.swift */,
			);
			path = Extensions;
			sourceTree = "<group>";
		};
		656D165E20309616002B1905 /* Fixtures */ = {
			isa = PBXGroup;
			children = (
				656D166020309631002B1905 /* app_stats.json */,
				656D165F20309631002B1905 /* app_summary.json */,
				656D166120309631002B1905 /* apps.json */,
				656D166220309631002B1905 /* events.json */,
				656D166320309631002B1905 /* info.json */,
				656D166420309631002B1905 /* service_plan.json */,
				65BE0FCD203911FA00191045 /* spaces.json */,
				65A33080203A774D008E803A /* orgs.json */,
				65F62E99208D816A005CF4FC /* tokens.json */,
			);
			path = Fixtures;
			sourceTree = "<group>";
		};
		656D167D20309AB3002B1905 /* Strings */ = {
			isa = PBXGroup;
			children = (
				656D168020309AD9002B1905 /* LogMessageStringTests.swift */,
			);
			path = Strings;
			sourceTree = "<group>";
		};
		656D168420309D4B002B1905 /* Models */ = {
			isa = PBXGroup;
			children = (
				656D168A20309D64002B1905 /* CFAppInstanceTests.swift */,
				656D168920309D64002B1905 /* CFAppsTests.swift */,
				656D168520309D63002B1905 /* CFEventTests.swift */,
				656D168620309D63002B1905 /* CFInfoTests.swift */,
				65A3307E203A7313008E803A /* CFModelTestBase.swift */,
				656D168720309D63002B1905 /* CFOrgTests.swift */,
				656D168820309D63002B1905 /* CFServiceBindingTests.swift */,
				656D168B20309D64002B1905 /* CFSpaceTests.swift */,
				65107D5D20A67C9D0078BEB5 /* CFAppSummaryTests.swift */,
			);
			path = Models;
			sourceTree = "<group>";
		};
		658EAC02202FCA8200933176 = {
			isa = PBXGroup;
			children = (
				658EAC0E202FCA8200933176 /* CFoundry */,
				658EAC19202FCA8200933176 /* CFoundryTests */,
				65F5613A20310516003FA96F /* Test Host */,
				658EAC0D202FCA8200933176 /* Products */,
				658EAC68202FE60200933176 /* Frameworks */,
			);
			sourceTree = "<group>";
		};
		658EAC0D202FCA8200933176 /* Products */ = {
			isa = PBXGroup;
			children = (
				658EAC0C202FCA8200933176 /* CFoundry_iOS.framework */,
				658EAC15202FCA8200933176 /* CFoundry iOS Tests.xctest */,
			);
			name = Products;
			sourceTree = "<group>";
		};
		658EAC0E202FCA8200933176 /* CFoundry */ = {
			isa = PBXGroup;
			children = (
				65B0316B20300739001CA690 /* LogMessageString.swift */,
				658EAC96203000E100933176 /* Extensions */,
				658EAC10202FCA8200933176 /* Info.plist */,
				658EAC32202FDC1A00933176 /* Models */,
				658EAC31202FDBD600933176 /* Network */,
			);
			path = CFoundry;
			sourceTree = "<group>";
		};
		658EAC19202FCA8200933176 /* CFoundryTests */ = {
			isa = PBXGroup;
			children = (
				656D168420309D4B002B1905 /* Models */,
				656D167D20309AB3002B1905 /* Strings */,
				656D165C20309474002B1905 /* Extensions */,
				656D165B20309466002B1905 /* Network */,
				656D165A2030945F002B1905 /* Data */,
				658EAC1C202FCA8200933176 /* Info.plist */,
			);
			path = CFoundryTests;
			sourceTree = "<group>";
		};
		658EAC31202FDBD600933176 /* Network */ = {
			isa = PBXGroup;
			children = (
				658EAC2C202FDBD600933176 /* CFApi.swift */,
				658EAC2D202FDBD600933176 /* CFLogs.swift */,
				658EAC2E202FDBD600933176 /* CFRequest.swift */,
				658EAC2F202FDBD600933176 /* CFResponse.swift */,
			);
			path = Network;
			sourceTree = "<group>";
		};
		658EAC32202FDC1A00933176 /* Models */ = {
			isa = PBXGroup;
			children = (
				65B031662030022F001CA690 /* CFAccount.swift */,
				658EAC43202FDC5F00933176 /* CFApp.swift */,
				658EAC44202FDC5F00933176 /* CFAppInstance.swift */,
				65F62E9B209005FD005CF4FC /* CFAppStats.swift */,
				658EAC3F202FDC5F00933176 /* CFEvent.swift */,
				658EAC40202FDC5F00933176 /* CFInfo.swift */,
				658EAC41202FDC5F00933176 /* CFOrg.swift */,
				656D168220309CA2002B1905 /* CFServiceBinding.swift */,
				658EAC8F202FFF0A00933176 /* CFSession.swift */,
				658EAC42202FDC5F00933176 /* CFSpace.swift */,
				658EAC52202FDC9A00933176 /* Proto */,
			);
			path = Models;
			sourceTree = "<group>";
		};
		658EAC52202FDC9A00933176 /* Proto */ = {
			isa = PBXGroup;
			children = (
				658EAC53202FDC9A00933176 /* Events.Envelope.proto.swift */,
				658EAC54202FDC9A00933176 /* Events.Error.proto.swift */,
				658EAC55202FDC9A00933176 /* Events.Log.proto.swift */,
				658EAC56202FDC9A00933176 /* Events.Uuid.proto.swift */,
				658EAC57202FDC9A00933176 /* Events.Http.proto.swift */,
				658EAC58202FDC9A00933176 /* Events.Metric.proto.swift */,
			);
			path = Proto;
			sourceTree = "<group>";
		};
		658EAC68202FE60200933176 /* Frameworks */ = {
			isa = PBXGroup;
			children = (
				65A33076203A3F41008E803A /* SwiftWebSocket.framework */,
				656D16932030A14C002B1905 /* OHHTTPStubs.framework */,
				658EAC8C202FFE8A00933176 /* AlamofireObjectMapper.framework */,
				658EAC8B202FFE8A00933176 /* ObjectMapper.framework */,
				658EAC89202FF29D00933176 /* Locksmith.framework */,
				658EAC7A202FED8700933176 /* Alamofire.framework */,
				658EAC6B202FE75C00933176 /* SwiftyJSON.framework */,
				658EAC69202FE60300933176 /* ProtocolBuffers.framework */,
			);
			name = Frameworks;
			sourceTree = "<group>";
		};
		658EAC96203000E100933176 /* Extensions */ = {
			isa = PBXGroup;
			children = (
				658EAC97203000F400933176 /* String.swift */,
			);
			path = Extensions;
			sourceTree = "<group>";
		};
		65F5613A20310516003FA96F /* Test Host */ = {
			isa = PBXGroup;
			children = (
				65F5613B20310516003FA96F /* AppDelegate.swift */,
				65F5613D20310516003FA96F /* ViewController.swift */,
				65F5613F20310516003FA96F /* Main.storyboard */,
				65F5614220310517003FA96F /* Assets.xcassets */,
				65F5614420310517003FA96F /* LaunchScreen.storyboard */,
				65F5614720310517003FA96F /* Info.plist */,
			);
			path = "Test Host";
			sourceTree = "<group>";
		};
/* End PBXGroup section */

/* Begin PBXHeadersBuildPhase section */
		658EAC09202FCA8200933176 /* Headers */ = {
			isa = PBXHeadersBuildPhase;
			buildActionMask = 2147483647;
			files = (
			);
			runOnlyForDeploymentPostprocessing = 0;
		};
/* End PBXHeadersBuildPhase section */

/* Begin PBXNativeTarget section */
		658EAC0B202FCA8200933176 /* CFoundry iOS */ = {
			isa = PBXNativeTarget;
			buildConfigurationList = 658EAC20202FCA8200933176 /* Build configuration list for PBXNativeTarget "CFoundry iOS" */;
			buildPhases = (
				658EAC07202FCA8200933176 /* Sources */,
				658EAC08202FCA8200933176 /* Frameworks */,
				658EAC09202FCA8200933176 /* Headers */,
				658EAC0A202FCA8200933176 /* Resources */,
				658EAC7C202FEE1D00933176 /* Run Script */,
			);
			buildRules = (
			);
			dependencies = (
			);
			name = "CFoundry iOS";
			productName = CFoundry;
			productReference = 658EAC0C202FCA8200933176 /* CFoundry_iOS.framework */;
			productType = "com.apple.product-type.framework";
		};
		658EAC14202FCA8200933176 /* CFoundry iOS Tests */ = {
			isa = PBXNativeTarget;
			buildConfigurationList = 658EAC23202FCA8200933176 /* Build configuration list for PBXNativeTarget "CFoundry iOS Tests" */;
			buildPhases = (
				658EAC11202FCA8200933176 /* Sources */,
				658EAC12202FCA8200933176 /* Frameworks */,
				658EAC13202FCA8200933176 /* Resources */,
				655EFA582030F56B0095DBB7 /* ShellScript */,
			);
			buildRules = (
			);
			dependencies = (
				658EAC18202FCA8200933176 /* PBXTargetDependency */,
			);
			name = "CFoundry iOS Tests";
			productName = CFoundryTests;
			productReference = 658EAC15202FCA8200933176 /* CFoundry iOS Tests.xctest */;
			productType = "com.apple.product-type.bundle.unit-test";
		};
/* End PBXNativeTarget section */

/* Begin PBXProject section */
		658EAC03202FCA8200933176 /* Project object */ = {
			isa = PBXProject;
			attributes = {
				LastSwiftUpdateCheck = 0920;
				LastUpgradeCheck = 0920;
				ORGANIZATIONNAME = "Dwayne Forde";
				TargetAttributes = {
					658EAC0B202FCA8200933176 = {
						CreatedOnToolsVersion = 9.2;
						LastSwiftMigration = 0920;
						ProvisioningStyle = Automatic;
					};
					658EAC14202FCA8200933176 = {
						CreatedOnToolsVersion = 9.2;
						ProvisioningStyle = Manual;
					};
				};
			};
			buildConfigurationList = 658EAC06202FCA8200933176 /* Build configuration list for PBXProject "CFoundry" */;
			compatibilityVersion = "Xcode 8.0";
			developmentRegion = en;
			hasScannedForEncodings = 0;
			knownRegions = (
				en,
				Base,
			);
			mainGroup = 658EAC02202FCA8200933176;
			productRefGroup = 658EAC0D202FCA8200933176 /* Products */;
			projectDirPath = "";
			projectRoot = "";
			targets = (
				658EAC0B202FCA8200933176 /* CFoundry iOS */,
				658EAC14202FCA8200933176 /* CFoundry iOS Tests */,
			);
		};
/* End PBXProject section */

/* Begin PBXResourcesBuildPhase section */
		658EAC0A202FCA8200933176 /* Resources */ = {
			isa = PBXResourcesBuildPhase;
			buildActionMask = 2147483647;
			files = (
			);
			runOnlyForDeploymentPostprocessing = 0;
		};
		658EAC13202FCA8200933176 /* Resources */ = {
			isa = PBXResourcesBuildPhase;
			buildActionMask = 2147483647;
			files = (
				65BE0FCE203911FA00191045 /* spaces.json in Resources */,
				656D166820309632002B1905 /* events.json in Resources */,
				656D166520309632002B1905 /* app_summary.json in Resources */,
				656D166A20309632002B1905 /* service_plan.json in Resources */,
				65A33081203A774D008E803A /* orgs.json in Resources */,
				65F62E9A208D816A005CF4FC /* tokens.json in Resources */,
				656D166920309632002B1905 /* info.json in Resources */,
				656D166720309632002B1905 /* apps.json in Resources */,
				656D166620309632002B1905 /* app_stats.json in Resources */,
			);
			runOnlyForDeploymentPostprocessing = 0;
		};
/* End PBXResourcesBuildPhase section */

/* Begin PBXShellScriptBuildPhase section */
		655EFA582030F56B0095DBB7 /* ShellScript */ = {
			isa = PBXShellScriptBuildPhase;
			buildActionMask = 2147483647;
			files = (
			);
			inputPaths = (
				"$(SRCROOT)/Carthage/Build/iOS/OHHTTPStubs.framework",
				"$(SRCROOT)/Carthage/Build/iOS/ProtocolBuffers.framework",
				"$(SRCROOT)/Carthage/Build/iOS/SwiftWebSocket.framework",
				"$(SRCROOT)/Carthage/Build/iOS/SwiftyJSON.framework",
				"$(SRCROOT)/Carthage/Build/iOS/AlamofireObjectMapper.framework",
				"$(SRCROOT)/Carthage/Build/iOS/Alamofire.framework",
				"$(SRCROOT)/Carthage/Build/iOS/ObjectMapper.framework",
				"$(SRCROOT)/Carthage/Build/iOS/Locksmith.framework",
			);
			outputPaths = (
				"$(BUILT_PRODUCTS_DIR)/$(FRAMEWORKS_FOLDER_PATH)/OHHTTPStubs.framework",
				"$(BUILT_PRODUCTS_DIR)/$(FRAMEWORKS_FOLDER_PATH)/ProtocolBuffers.framework",
				"$(BUILT_PRODUCTS_DIR)/$(FRAMEWORKS_FOLDER_PATH)/SwiftWebSocket.framework",
				"$(BUILT_PRODUCTS_DIR)/$(FRAMEWORKS_FOLDER_PATH)/SwiftyJSON.framework",
				"$(BUILT_PRODUCTS_DIR)/$(FRAMEWORKS_FOLDER_PATH)/AlamofireObjectMapper.framework",
				"$(BUILT_PRODUCTS_DIR)/$(FRAMEWORKS_FOLDER_PATH)/Alamofire.framework",
				"$(BUILT_PRODUCTS_DIR)/$(FRAMEWORKS_FOLDER_PATH)/ObjectMapper.framework",
				"$(BUILT_PRODUCTS_DIR)/$(FRAMEWORKS_FOLDER_PATH)/Locksmith.framework",
			);
			runOnlyForDeploymentPostprocessing = 0;
			shellPath = /bin/sh;
			shellScript = "/usr/local/bin/carthage copy-frameworks";
		};
		658EAC7C202FEE1D00933176 /* Run Script */ = {
			isa = PBXShellScriptBuildPhase;
			buildActionMask = 2147483647;
			files = (
			);
			inputPaths = (
				"$(SRCROOT)/Carthage/Build/iOS/OHHTTPStubs.framework",
				"$(SRCROOT)/Carthage/Build/iOS/ProtocolBuffers.framework",
				"$(SRCROOT)/Carthage/Build/iOS/SwiftWebSocket.framework",
				"$(SRCROOT)/Carthage/Build/iOS/SwiftyJSON.framework",
				"$(SRCROOT)/Carthage/Build/iOS/AlamofireObjectMapper.framework",
				"$(SRCROOT)/Carthage/Build/iOS/Alamofire.framework",
				"$(SRCROOT)/Carthage/Build/iOS/ObjectMapper.framework",
				"$(SRCROOT)/Carthage/Build/iOS/Locksmith.framework",
			);
			name = "Run Script";
			outputPaths = (
				"$(BUILT_PRODUCTS_DIR)/$(FRAMEWORKS_FOLDER_PATH)/OHHTTPStubs.framework",
				"$(BUILT_PRODUCTS_DIR)/$(FRAMEWORKS_FOLDER_PATH)/ProtocolBuffers.framework",
				"$(BUILT_PRODUCTS_DIR)/$(FRAMEWORKS_FOLDER_PATH)/SwiftWebSocket.framework",
				"$(BUILT_PRODUCTS_DIR)/$(FRAMEWORKS_FOLDER_PATH)/SwiftyJSON.framework",
				"$(BUILT_PRODUCTS_DIR)/$(FRAMEWORKS_FOLDER_PATH)/AlamofireObjectMapper.framework",
				"$(BUILT_PRODUCTS_DIR)/$(FRAMEWORKS_FOLDER_PATH)/Alamofire.framework",
				"$(BUILT_PRODUCTS_DIR)/$(FRAMEWORKS_FOLDER_PATH)/ObjectMapper.framework",
				"$(BUILT_PRODUCTS_DIR)/$(FRAMEWORKS_FOLDER_PATH)/Locksmith.framework",
			);
			runOnlyForDeploymentPostprocessing = 0;
			shellPath = /bin/sh;
			shellScript = "/usr/local/bin/carthage copy-frameworks";
		};
/* End PBXShellScriptBuildPhase section */

/* Begin PBXSourcesBuildPhase section */
		658EAC07202FCA8200933176 /* Sources */ = {
			isa = PBXSourcesBuildPhase;
			buildActionMask = 2147483647;
			files = (
				658EAC47202FDC5F00933176 /* CFOrg.swift in Sources */,
				658EAC48202FDC5F00933176 /* CFSpace.swift in Sources */,
				658EAC5A202FDC9B00933176 /* Events.Error.proto.swift in Sources */,
				65B0316C20300739001CA690 /* LogMessageString.swift in Sources */,
				658EAC78202FEBF600933176 /* CFResponse.swift in Sources */,
				658EAC49202FDC5F00933176 /* CFApp.swift in Sources */,
				658EAC5C202FDC9B00933176 /* Events.Uuid.proto.swift in Sources */,
				65B0316A2030022F001CA690 /* CFAccount.swift in Sources */,
				658EAC5D202FDC9B00933176 /* Events.Http.proto.swift in Sources */,
				65F62E9C209005FD005CF4FC /* CFAppStats.swift in Sources */,
				658EAC46202FDC5F00933176 /* CFInfo.swift in Sources */,
				658EAC5B202FDC9B00933176 /* Events.Log.proto.swift in Sources */,
				658EAC59202FDC9B00933176 /* Events.Envelope.proto.swift in Sources */,
				658EAC5E202FDC9B00933176 /* Events.Metric.proto.swift in Sources */,
				658EAC4A202FDC5F00933176 /* CFAppInstance.swift in Sources */,
				658EAC77202FEBF600933176 /* CFRequest.swift in Sources */,
				658EAC75202FEBF200933176 /* CFApi.swift in Sources */,
				658EAC45202FDC5F00933176 /* CFEvent.swift in Sources */,
				658EAC98203000F400933176 /* String.swift in Sources */,
				656D168320309CA2002B1905 /* CFServiceBinding.swift in Sources */,
				658EAC76202FEBF600933176 /* CFLogs.swift in Sources */,
				658EAC90202FFF0A00933176 /* CFSession.swift in Sources */,
			);
			runOnlyForDeploymentPostprocessing = 0;
		};
		658EAC11202FCA8200933176 /* Sources */ = {
			isa = PBXSourcesBuildPhase;
			buildActionMask = 2147483647;
			files = (
				65A3307F203A7313008E803A /* CFModelTestBase.swift in Sources */,
				656D168120309AD9002B1905 /* LogMessageStringTests.swift in Sources */,
				656D169020309D64002B1905 /* CFAppsTests.swift in Sources */,
				656D167020309639002B1905 /* CFLogsTests.swift in Sources */,
				65107D5E20A67C9D0078BEB5 /* CFAppSummaryTests.swift in Sources */,
				656D168E20309D64002B1905 /* CFOrgTests.swift in Sources */,
				656D169220309D64002B1905 /* CFSpaceTests.swift in Sources */,
				656D167B203096A2002B1905 /* CFAccountFactory.swift in Sources */,
				656D167120309639002B1905 /* CFApiTests.swift in Sources */,
				656D168F20309D64002B1905 /* CFServiceBindingTests.swift in Sources */,
				6573348C20AB9C0900A05363 /* CFAccountTests.swift in Sources */,
				656D169120309D64002B1905 /* CFAppInstanceTests.swift in Sources */,
				656D167220309639002B1905 /* CFRequestTests.swift in Sources */,
				656D168C20309D64002B1905 /* CFEventTests.swift in Sources */,
				656D168D20309D64002B1905 /* CFInfoTests.swift in Sources */,
				65BE0FD020391E0D00191045 /* CFMetadata.swift in Sources */,
				656D167420309649002B1905 /* StringTests.swift in Sources */,
				656D166F20309639002B1905 /* CFSessionTests.swift in Sources */,
			);
			runOnlyForDeploymentPostprocessing = 0;
		};
/* End PBXSourcesBuildPhase section */

/* Begin PBXTargetDependency section */
		658EAC18202FCA8200933176 /* PBXTargetDependency */ = {
			isa = PBXTargetDependency;
			target = 658EAC0B202FCA8200933176 /* CFoundry iOS */;
			targetProxy = 658EAC17202FCA8200933176 /* PBXContainerItemProxy */;
		};
/* End PBXTargetDependency section */

/* Begin PBXVariantGroup section */
		65F5613F20310516003FA96F /* Main.storyboard */ = {
			isa = PBXVariantGroup;
			children = (
				65F5614020310516003FA96F /* Base */,
			);
			name = Main.storyboard;
			sourceTree = "<group>";
		};
		65F5614420310517003FA96F /* LaunchScreen.storyboard */ = {
			isa = PBXVariantGroup;
			children = (
				65F5614520310517003FA96F /* Base */,
			);
			name = LaunchScreen.storyboard;
			sourceTree = "<group>";
		};
/* End PBXVariantGroup section */

/* Begin XCBuildConfiguration section */
		658EAC1E202FCA8200933176 /* Debug */ = {
			isa = XCBuildConfiguration;
			buildSettings = {
				ALWAYS_SEARCH_USER_PATHS = NO;
				CLANG_ANALYZER_NONNULL = YES;
				CLANG_ANALYZER_NUMBER_OBJECT_CONVERSION = YES_AGGRESSIVE;
				CLANG_CXX_LANGUAGE_STANDARD = "gnu++14";
				CLANG_CXX_LIBRARY = "libc++";
				CLANG_ENABLE_MODULES = YES;
				CLANG_ENABLE_OBJC_ARC = YES;
				CLANG_WARN_BLOCK_CAPTURE_AUTORELEASING = YES;
				CLANG_WARN_BOOL_CONVERSION = YES;
				CLANG_WARN_COMMA = YES;
				CLANG_WARN_CONSTANT_CONVERSION = YES;
				CLANG_WARN_DIRECT_OBJC_ISA_USAGE = YES_ERROR;
				CLANG_WARN_DOCUMENTATION_COMMENTS = YES;
				CLANG_WARN_EMPTY_BODY = YES;
				CLANG_WARN_ENUM_CONVERSION = YES;
				CLANG_WARN_INFINITE_RECURSION = YES;
				CLANG_WARN_INT_CONVERSION = YES;
				CLANG_WARN_NON_LITERAL_NULL_CONVERSION = YES;
				CLANG_WARN_OBJC_LITERAL_CONVERSION = YES;
				CLANG_WARN_OBJC_ROOT_CLASS = YES_ERROR;
				CLANG_WARN_RANGE_LOOP_ANALYSIS = YES;
				CLANG_WARN_STRICT_PROTOTYPES = YES;
				CLANG_WARN_SUSPICIOUS_MOVE = YES;
				CLANG_WARN_UNGUARDED_AVAILABILITY = YES_AGGRESSIVE;
				CLANG_WARN_UNREACHABLE_CODE = YES;
				CLANG_WARN__DUPLICATE_METHOD_MATCH = YES;
				CODE_SIGN_IDENTITY = "";
				COPY_PHASE_STRIP = NO;
				CURRENT_PROJECT_VERSION = 1;
				DEBUG_INFORMATION_FORMAT = dwarf;
				ENABLE_STRICT_OBJC_MSGSEND = YES;
				ENABLE_TESTABILITY = YES;
				GCC_C_LANGUAGE_STANDARD = gnu11;
				GCC_DYNAMIC_NO_PIC = NO;
				GCC_NO_COMMON_BLOCKS = YES;
				GCC_OPTIMIZATION_LEVEL = 0;
				GCC_PREPROCESSOR_DEFINITIONS = (
					"DEBUG=1",
					"$(inherited)",
				);
				GCC_WARN_64_TO_32_BIT_CONVERSION = YES;
				GCC_WARN_ABOUT_RETURN_TYPE = YES_ERROR;
				GCC_WARN_UNDECLARED_SELECTOR = YES;
				GCC_WARN_UNINITIALIZED_AUTOS = YES_AGGRESSIVE;
				GCC_WARN_UNUSED_FUNCTION = YES;
				GCC_WARN_UNUSED_VARIABLE = YES;
				IPHONEOS_DEPLOYMENT_TARGET = 9.0;
				MTL_ENABLE_DEBUG_INFO = YES;
				ONLY_ACTIVE_ARCH = YES;
				SDKROOT = iphoneos;
				SWIFT_ACTIVE_COMPILATION_CONDITIONS = DEBUG;
				SWIFT_OPTIMIZATION_LEVEL = "-Onone";
				VERSIONING_SYSTEM = "apple-generic";
				VERSION_INFO_PREFIX = "";
			};
			name = Debug;
		};
		658EAC1F202FCA8200933176 /* Release */ = {
			isa = XCBuildConfiguration;
			buildSettings = {
				ALWAYS_SEARCH_USER_PATHS = NO;
				CLANG_ANALYZER_NONNULL = YES;
				CLANG_ANALYZER_NUMBER_OBJECT_CONVERSION = YES_AGGRESSIVE;
				CLANG_CXX_LANGUAGE_STANDARD = "gnu++14";
				CLANG_CXX_LIBRARY = "libc++";
				CLANG_ENABLE_MODULES = YES;
				CLANG_ENABLE_OBJC_ARC = YES;
				CLANG_WARN_BLOCK_CAPTURE_AUTORELEASING = YES;
				CLANG_WARN_BOOL_CONVERSION = YES;
				CLANG_WARN_COMMA = YES;
				CLANG_WARN_CONSTANT_CONVERSION = YES;
				CLANG_WARN_DIRECT_OBJC_ISA_USAGE = YES_ERROR;
				CLANG_WARN_DOCUMENTATION_COMMENTS = YES;
				CLANG_WARN_EMPTY_BODY = YES;
				CLANG_WARN_ENUM_CONVERSION = YES;
				CLANG_WARN_INFINITE_RECURSION = YES;
				CLANG_WARN_INT_CONVERSION = YES;
				CLANG_WARN_NON_LITERAL_NULL_CONVERSION = YES;
				CLANG_WARN_OBJC_LITERAL_CONVERSION = YES;
				CLANG_WARN_OBJC_ROOT_CLASS = YES_ERROR;
				CLANG_WARN_RANGE_LOOP_ANALYSIS = YES;
				CLANG_WARN_STRICT_PROTOTYPES = YES;
				CLANG_WARN_SUSPICIOUS_MOVE = YES;
				CLANG_WARN_UNGUARDED_AVAILABILITY = YES_AGGRESSIVE;
				CLANG_WARN_UNREACHABLE_CODE = YES;
				CLANG_WARN__DUPLICATE_METHOD_MATCH = YES;
				CODE_SIGN_IDENTITY = "";
				COPY_PHASE_STRIP = NO;
				CURRENT_PROJECT_VERSION = 1;
				DEBUG_INFORMATION_FORMAT = "dwarf-with-dsym";
				ENABLE_NS_ASSERTIONS = NO;
				ENABLE_STRICT_OBJC_MSGSEND = YES;
				GCC_C_LANGUAGE_STANDARD = gnu11;
				GCC_NO_COMMON_BLOCKS = YES;
				GCC_WARN_64_TO_32_BIT_CONVERSION = YES;
				GCC_WARN_ABOUT_RETURN_TYPE = YES_ERROR;
				GCC_WARN_UNDECLARED_SELECTOR = YES;
				GCC_WARN_UNINITIALIZED_AUTOS = YES_AGGRESSIVE;
				GCC_WARN_UNUSED_FUNCTION = YES;
				GCC_WARN_UNUSED_VARIABLE = YES;
				IPHONEOS_DEPLOYMENT_TARGET = 9.0;
				MTL_ENABLE_DEBUG_INFO = NO;
				SDKROOT = iphoneos;
				SWIFT_OPTIMIZATION_LEVEL = "-Owholemodule";
				VALIDATE_PRODUCT = YES;
				VERSIONING_SYSTEM = "apple-generic";
				VERSION_INFO_PREFIX = "";
			};
			name = Release;
		};
		658EAC21202FCA8200933176 /* Debug */ = {
			isa = XCBuildConfiguration;
			buildSettings = {
				APPLICATION_EXTENSION_API_ONLY = NO;
				CLANG_ENABLE_MODULES = YES;
				CODE_SIGN_IDENTITY = "";
				CODE_SIGN_STYLE = Automatic;
				DEFINES_MODULE = YES;
				DEVELOPMENT_TEAM = "";
				DYLIB_COMPATIBILITY_VERSION = 1;
				DYLIB_CURRENT_VERSION = 1;
				DYLIB_INSTALL_NAME_BASE = "@rpath";
				FRAMEWORK_SEARCH_PATHS = (
					"$(inherited)",
					"$(PROJECT_DIR)/Carthage/Build/iOS",
				);
				INFOPLIST_FILE = CFoundry/Info.plist;
				INSTALL_PATH = "$(LOCAL_LIBRARY_DIR)/Frameworks";
				IPHONEOS_DEPLOYMENT_TARGET = 9.0;
				LD_RUNPATH_SEARCH_PATHS = "$(inherited) @executable_path/Frameworks @loader_path/Frameworks";
				PRODUCT_BUNDLE_IDENTIFIER = com.dwayneforde.CFoundry;
				PRODUCT_NAME = "$(TARGET_NAME:c99extidentifier)";
				SKIP_INSTALL = YES;
				SWIFT_OPTIMIZATION_LEVEL = "-Onone";
				SWIFT_VERSION = 3.0;
				TARGETED_DEVICE_FAMILY = "1,2";
			};
			name = Debug;
		};
		658EAC22202FCA8200933176 /* Release */ = {
			isa = XCBuildConfiguration;
			buildSettings = {
				APPLICATION_EXTENSION_API_ONLY = NO;
				CLANG_ENABLE_MODULES = YES;
				CODE_SIGN_IDENTITY = "";
				CODE_SIGN_STYLE = Automatic;
				DEFINES_MODULE = YES;
				DEVELOPMENT_TEAM = "";
				DYLIB_COMPATIBILITY_VERSION = 1;
				DYLIB_CURRENT_VERSION = 1;
				DYLIB_INSTALL_NAME_BASE = "@rpath";
				FRAMEWORK_SEARCH_PATHS = (
					"$(inherited)",
					"$(PROJECT_DIR)/Carthage/Build/iOS",
				);
				INFOPLIST_FILE = CFoundry/Info.plist;
				INSTALL_PATH = "$(LOCAL_LIBRARY_DIR)/Frameworks";
				IPHONEOS_DEPLOYMENT_TARGET = 9.0;
				LD_RUNPATH_SEARCH_PATHS = "$(inherited) @executable_path/Frameworks @loader_path/Frameworks";
				PRODUCT_BUNDLE_IDENTIFIER = com.dwayneforde.CFoundry;
				PRODUCT_NAME = "$(TARGET_NAME:c99extidentifier)";
				SKIP_INSTALL = YES;
				SWIFT_VERSION = 3.0;
				TARGETED_DEVICE_FAMILY = "1,2";
			};
			name = Release;
		};
		658EAC24202FCA8200933176 /* Debug */ = {
			isa = XCBuildConfiguration;
			buildSettings = {
				ALWAYS_EMBED_SWIFT_STANDARD_LIBRARIES = YES;
				CODE_SIGN_STYLE = Manual;
				DEVELOPMENT_TEAM = "";
				FRAMEWORK_SEARCH_PATHS = (
					"$(inherited)",
					"$(PROJECT_DIR)/Carthage/Build/iOS",
				);
				INFOPLIST_FILE = CFoundryTests/Info.plist;
				LD_RUNPATH_SEARCH_PATHS = "$(inherited) @executable_path/Frameworks @loader_path/Frameworks";
				PRODUCT_BUNDLE_IDENTIFIER = com.dwayneforde.CFoundryTests;
				PRODUCT_NAME = "$(TARGET_NAME)";
				PROVISIONING_PROFILE_SPECIFIER = "";
				SWIFT_VERSION = 4.0;
				TARGETED_DEVICE_FAMILY = "1,2";
			};
			name = Debug;
		};
		658EAC25202FCA8200933176 /* Release */ = {
			isa = XCBuildConfiguration;
			buildSettings = {
				ALWAYS_EMBED_SWIFT_STANDARD_LIBRARIES = YES;
				CODE_SIGN_STYLE = Manual;
				DEVELOPMENT_TEAM = "";
				FRAMEWORK_SEARCH_PATHS = (
					"$(inherited)",
					"$(PROJECT_DIR)/Carthage/Build/iOS",
				);
				INFOPLIST_FILE = CFoundryTests/Info.plist;
				LD_RUNPATH_SEARCH_PATHS = "$(inherited) @executable_path/Frameworks @loader_path/Frameworks";
				PRODUCT_BUNDLE_IDENTIFIER = com.dwayneforde.CFoundryTests;
				PRODUCT_NAME = "$(TARGET_NAME)";
				PROVISIONING_PROFILE_SPECIFIER = "";
				SWIFT_VERSION = 4.0;
				TARGETED_DEVICE_FAMILY = "1,2";
			};
			name = Release;
		};
/* End XCBuildConfiguration section */

/* Begin XCConfigurationList section */
		658EAC06202FCA8200933176 /* Build configuration list for PBXProject "CFoundry" */ = {
			isa = XCConfigurationList;
			buildConfigurations = (
				658EAC1E202FCA8200933176 /* Debug */,
				658EAC1F202FCA8200933176 /* Release */,
			);
			defaultConfigurationIsVisible = 0;
			defaultConfigurationName = Release;
		};
		658EAC20202FCA8200933176 /* Build configuration list for PBXNativeTarget "CFoundry iOS" */ = {
			isa = XCConfigurationList;
			buildConfigurations = (
				658EAC21202FCA8200933176 /* Debug */,
				658EAC22202FCA8200933176 /* Release */,
			);
			defaultConfigurationIsVisible = 0;
			defaultConfigurationName = Release;
		};
		658EAC23202FCA8200933176 /* Build configuration list for PBXNativeTarget "CFoundry iOS Tests" */ = {
			isa = XCConfigurationList;
			buildConfigurations = (
				658EAC24202FCA8200933176 /* Debug */,
				658EAC25202FCA8200933176 /* Release */,
			);
			defaultConfigurationIsVisible = 0;
			defaultConfigurationName = Release;
		};
/* End XCConfigurationList section */
	};
	rootObject = 658EAC03202FCA8200933176 /* Project object */;
}
